{
  "name": "@servoy/dialogs",
  "version": "2021.12.0",
  "lockfileVersion": 2,
  "requires": true,
  "packages": {
    "": {
      "name": "@servoy/dialogs",
      "version": "2021.12.0",
      "license": "MIT",
      "dependencies": {
        "@angular/cdk": "^14",
        "@angular/material": "^14",
        "tslib": "*"
      },
      "peerDependencies": {
        "@angular/animations": "^14",
        "@angular/common": "^14",
        "@angular/core": "^14",
        "@angular/forms": "^14",
        "@servoy/public": "*",
        "rxjs": "^7"
      }
    },
    "node_modules/@angular/cdk": {
      "version": "14.1.1",
      "resolved": "https://registry.npmjs.org/@angular/cdk/-/cdk-14.1.1.tgz",
      "integrity": "sha512-Um4d5aWp7ACHd7O2cF3B4IXbQrnzMVvKlUVoKIBI4+EcCF70vAJrfXrAJoXIzLpte3MCDa6wO3wUX7uIJ4VlAQ==",
      "dependencies": {
        "tslib": "^2.3.0"
      },
      "optionalDependencies": {
        "parse5": "^5.0.0"
      },
      "peerDependencies": {
        "@angular/common": "^14.0.0 || ^15.0.0",
        "@angular/core": "^14.0.0 || ^15.0.0",
        "rxjs": "^6.5.3 || ^7.4.0"
      }
    },
    "node_modules/@angular/material": {
      "version": "14.1.1",
      "resolved": "https://registry.npmjs.org/@angular/material/-/material-14.1.1.tgz",
      "integrity": "sha512-HU83cgnAayItSXhyMdu1+edXj2DMjGXndvFicf300JtyliyjFmVzuM78O7hIJWLhT4Mohh/GkTlOSp4sc8xXhQ==",
      "dependencies": {
        "tslib": "^2.3.0"
      },
      "peerDependencies": {
        "@angular/animations": "^14.0.0 || ^15.0.0",
        "@angular/cdk": "14.1.1",
        "@angular/common": "^14.0.0 || ^15.0.0",
        "@angular/core": "^14.0.0 || ^15.0.0",
        "@angular/forms": "^14.0.0 || ^15.0.0",
        "@angular/platform-browser": "^14.0.0 || ^15.0.0",
        "rxjs": "^6.5.3 || ^7.4.0"
      }
    },
    "node_modules/parse5": {
      "version": "5.1.1",
      "resolved": "https://registry.npmjs.org/parse5/-/parse5-5.1.1.tgz",
      "integrity": "sha512-ugq4DFI0Ptb+WWjAdOK16+u/nHfiIrcE+sh8kZMaM0WllQKLI9rOUq6c2b7cwPkXdzfQESqvoqK6ug7U/Yyzug==",
      "optional": true
    },
    "node_modules/tslib": {
      "version": "2.3.0",
      "resolved": "https://registry.npmjs.org/tslib/-/tslib-2.3.0.tgz",
      "integrity": "sha512-N82ooyxVNm6h1riLCoyS9e3fuJ3AMG2zIZs2Gd1ATcSFjSA23Q0fzjjZeh0jbJvWVDZ0cJT8yaNNaaXHzueNjg=="
    }
  },
  "dependencies": {
    "@angular/cdk": {
      "version": "14.1.1",
      "resolved": "https://registry.npmjs.org/@angular/cdk/-/cdk-14.1.1.tgz",
      "integrity": "sha512-Um4d5aWp7ACHd7O2cF3B4IXbQrnzMVvKlUVoKIBI4+EcCF70vAJrfXrAJoXIzLpte3MCDa6wO3wUX7uIJ4VlAQ==",
      "requires": {
        "parse5": "^5.0.0",
        "tslib": "^2.3.0"
      }
    },
    "@angular/material": {
      "version": "14.1.1",
      "resolved": "https://registry.npmjs.org/@angular/material/-/material-14.1.1.tgz",
      "integrity": "sha512-HU83cgnAayItSXhyMdu1+edXj2DMjGXndvFicf300JtyliyjFmVzuM78O7hIJWLhT4Mohh/GkTlOSp4sc8xXhQ==",
      "requires": {
        "tslib": "^2.3.0"
      }
    },
    "parse5": {
      "version": "5.1.1",
      "resolved": "https://registry.npmjs.org/parse5/-/parse5-5.1.1.tgz",
      "integrity": "sha512-ugq4DFI0Ptb+WWjAdOK16+u/nHfiIrcE+sh8kZMaM0WllQKLI9rOUq6c2b7cwPkXdzfQESqvoqK6ug7U/Yyzug==",
      "optional": true
    },
    "tslib": {
      "version": "2.3.0",
      "resolved": "https://registry.npmjs.org/tslib/-/tslib-2.3.0.tgz",
      "integrity": "sha512-N82ooyxVNm6h1riLCoyS9e3fuJ3AMG2zIZs2Gd1ATcSFjSA23Q0fzjjZeh0jbJvWVDZ0cJT8yaNNaaXHzueNjg=="
    }
  }
}
