{
  "name": "@servoy/dialogs",
  "version": "2024.9.0",
  "lockfileVersion": 3,
  "requires": true,
  "packages": {
    "": {
      "name": "@servoy/dialogs",
      "version": "2024.9.0",
      "license": "MIT",
      "dependencies": {
        "@angular/cdk": "^18",
        "tslib": "*"
      },
      "peerDependencies": {
        "@angular/animations": "^18",
        "@angular/common": "^18",
        "@angular/core": "^18",
        "@angular/forms": "^18",
        "@servoy/public": "*",
        "rxjs": "^7"
      }
    },
    "node_modules/@angular/cdk": {
      "version": "18.1.2",
      "resolved": "https://registry.npmjs.org/@angular/cdk/-/cdk-18.1.2.tgz",
      "integrity": "sha512-yiAJ/9AMVF2zk7VLEuyJxNJwpV84xLlf0zCaXiYIs6Z8xU6m8N9KR2nqxC59gQc4nTjItmoO/Sgk7XH0X4yGOQ==",
      "dependencies": {
        "tslib": "^2.3.0"
      },
      "optionalDependencies": {
        "parse5": "^7.1.2"
      },
      "peerDependencies": {
        "@angular/common": "^18.0.0 || ^19.0.0",
        "@angular/core": "^18.0.0 || ^19.0.0",
        "rxjs": "^6.5.3 || ^7.4.0"
      }
    },
    "node_modules/entities": {
      "version": "4.4.0",
      "resolved": "https://registry.npmjs.org/entities/-/entities-4.4.0.tgz",
      "integrity": "sha512-oYp7156SP8LkeGD0GF85ad1X9Ai79WtRsZ2gxJqtBuzH+98YUV6jkHEKlZkMbcrjJjIVJNIDP/3WL9wQkoPbWA==",
      "optional": true,
      "engines": {
        "node": ">=0.12"
      },
      "funding": {
        "url": "https://github.com/fb55/entities?sponsor=1"
      }
    },
    "node_modules/parse5": {
      "version": "7.1.2",
      "resolved": "https://registry.npmjs.org/parse5/-/parse5-7.1.2.tgz",
      "integrity": "sha512-Czj1WaSVpaoj0wbhMzLmWD69anp2WH7FXMB9n1Sy8/ZFF9jolSQVMu1Ij5WIyGmcBmhk7EOndpO4mIpihVqAXw==",
      "optional": true,
      "dependencies": {
        "entities": "^4.4.0"
      },
      "funding": {
        "url": "https://github.com/inikulin/parse5?sponsor=1"
      }
    },
    "node_modules/tslib": {
      "version": "2.3.0",
      "resolved": "https://registry.npmjs.org/tslib/-/tslib-2.3.0.tgz",
      "integrity": "sha512-N82ooyxVNm6h1riLCoyS9e3fuJ3AMG2zIZs2Gd1ATcSFjSA23Q0fzjjZeh0jbJvWVDZ0cJT8yaNNaaXHzueNjg=="
    }
  }
}
