{
  "name": "@servoy/dialogs",
  "version": "2021.12.0",
  "lockfileVersion": 2,
  "requires": true,
  "packages": {
    "": {
      "name": "@servoy/dialogs",
      "version": "2021.12.0",
      "license": "MIT",
      "dependencies": {
        "@angular/cdk": "^13",
        "@angular/material": "^13",
        "tslib": "*"
      },
      "peerDependencies": {
        "@angular/animations": "^13",
        "@angular/common": "^13",
        "@angular/core": "^13",
        "@angular/forms": "^13",
        "@servoy/public": "*",
        "rxjs": "^7"
      }
    },
    "node_modules/@angular/cdk": {
      "version": "13.0.2",
      "resolved": "https://registry.npmjs.org/@angular/cdk/-/cdk-13.0.2.tgz",
      "integrity": "sha512-m7RHIAXpFpgsrydhWXX1hAXRmQpQ+m9eRCYAoz8QiDCchYyVvTaxkZ8J7XGS8RtJ2EiocXSp4TlwQQrpXe+4lg==",
      "dependencies": {
        "tslib": "^2.3.0"
      },
      "optionalDependencies": {
        "parse5": "^5.0.0"
      },
      "peerDependencies": {
        "@angular/common": "^13.0.0 || ^14.0.0-0",
        "@angular/core": "^13.0.0 || ^14.0.0-0",
        "rxjs": "^6.5.3 || ^7.4.0"
      }
    },
    "node_modules/@angular/material": {
      "version": "13.0.2",
      "resolved": "https://registry.npmjs.org/@angular/material/-/material-13.0.2.tgz",
      "integrity": "sha512-DbbkQFpZ73oxOuR9LkkpeUPWP31DNIG3Z94sOrtdBhX3HfbLLOCaAJAIwMl8+bEuzDgtWBmx3taUR8l4WKCO8g==",
      "dependencies": {
        "tslib": "^2.3.0"
      },
      "peerDependencies": {
        "@angular/animations": "^13.0.0 || ^14.0.0-0",
        "@angular/cdk": "13.0.2",
        "@angular/common": "^13.0.0 || ^14.0.0-0",
        "@angular/core": "^13.0.0 || ^14.0.0-0",
        "@angular/forms": "^13.0.0 || ^14.0.0-0",
        "rxjs": "^6.5.3 || ^7.4.0"
      }
    },
    "node_modules/parse5": {
      "version": "5.1.1",
      "resolved": "https://registry.npmjs.org/parse5/-/parse5-5.1.1.tgz",
      "integrity": "sha512-ugq4DFI0Ptb+WWjAdOK16+u/nHfiIrcE+sh8kZMaM0WllQKLI9rOUq6c2b7cwPkXdzfQESqvoqK6ug7U/Yyzug==",
      "optional": true
    },
    "node_modules/tslib": {
      "version": "2.3.0",
      "resolved": "https://registry.npmjs.org/tslib/-/tslib-2.3.0.tgz",
      "integrity": "sha512-N82ooyxVNm6h1riLCoyS9e3fuJ3AMG2zIZs2Gd1ATcSFjSA23Q0fzjjZeh0jbJvWVDZ0cJT8yaNNaaXHzueNjg=="
    }
  },
  "dependencies": {
    "@angular/cdk": {
      "version": "13.0.2",
      "resolved": "https://registry.npmjs.org/@angular/cdk/-/cdk-13.0.2.tgz",
      "integrity": "sha512-m7RHIAXpFpgsrydhWXX1hAXRmQpQ+m9eRCYAoz8QiDCchYyVvTaxkZ8J7XGS8RtJ2EiocXSp4TlwQQrpXe+4lg==",
      "requires": {
        "parse5": "^5.0.0",
        "tslib": "^2.3.0"
      }
    },
    "@angular/material": {
      "version": "13.0.2",
      "resolved": "https://registry.npmjs.org/@angular/material/-/material-13.0.2.tgz",
      "integrity": "sha512-DbbkQFpZ73oxOuR9LkkpeUPWP31DNIG3Z94sOrtdBhX3HfbLLOCaAJAIwMl8+bEuzDgtWBmx3taUR8l4WKCO8g==",
      "requires": {
        "tslib": "^2.3.0"
      }
    },
    "parse5": {
      "version": "5.1.1",
      "resolved": "https://registry.npmjs.org/parse5/-/parse5-5.1.1.tgz",
      "integrity": "sha512-ugq4DFI0Ptb+WWjAdOK16+u/nHfiIrcE+sh8kZMaM0WllQKLI9rOUq6c2b7cwPkXdzfQESqvoqK6ug7U/Yyzug==",
      "optional": true
    },
    "tslib": {
      "version": "2.3.0",
      "resolved": "https://registry.npmjs.org/tslib/-/tslib-2.3.0.tgz",
      "integrity": "sha512-N82ooyxVNm6h1riLCoyS9e3fuJ3AMG2zIZs2Gd1ATcSFjSA23Q0fzjjZeh0jbJvWVDZ0cJT8yaNNaaXHzueNjg=="
    }
  }
}
