{
  "name": "@servoy/window",
  "version": "2021.6.0",
  "lockfileVersion": 1,
  "requires": true,
  "dependencies": {
    "@servoy/public": {
      "version": "2021.6.0-rc7",
      "resolved": "https://registry.npmjs.org/@servoy/public/-/public-2021.6.0-rc7.tgz",
      "integrity": "sha512-eivqdovqyFT3kN3w/gFN1E1dst1fz5uJStfUmk+gAiSB/mbTf3Ln57MUx+pxRlmNSyE7jnL4CbELsrr4n3qsRA==",
      "requires": {
        "luxon": "^1.27.0",
        "tslib": "*"
      }
    },
    "luxon": {
      "version": "1.27.0",
      "resolved": "https://registry.npmjs.org/luxon/-/luxon-1.27.0.tgz",
      "integrity": "sha512-VKsFsPggTA0DvnxtJdiExAucKdAnwbCCNlMM5ENvHlxubqWd0xhZcdb4XgZ7QFNhaRhilXCFxHuoObP5BNA4PA=="
    },
    "tslib": {
      "version": "2.3.0",
      "resolved": "https://registry.npmjs.org/tslib/-/tslib-2.3.0.tgz",
      "integrity": "sha512-N82ooyxVNm6h1riLCoyS9e3fuJ3AMG2zIZs2Gd1ATcSFjSA23Q0fzjjZeh0jbJvWVDZ0cJT8yaNNaaXHzueNjg=="
    }
  }
}
