{
  "name": "@servoy/servoydefault",
  "version": "2021.9.0",
  "lockfileVersion": 2,
  "requires": true,
  "packages": {
    "": {
      "name": "@servoy/servoydefault",
      "version": "2021.9.0",
      "license": "MIT",
      "dependencies": {
        "@angular/cdk": "<13",
        "@danielmoncada/angular-datetime-picker": ">=12",
        "@ng-bootstrap/ng-bootstrap": ">=10",
        "@tinymce/tinymce-angular": ">=4",
        "bootstrap": ">=5",
        "tinymce": ">=5",
        "tinymce-i18n": ">=20",
        "tslib": "*"
      },
      "peerDependencies": {
        "@angular/common": ">=12",
        "@angular/core": ">=12",
        "@servoy/public": "*"
      }
    },
    "node_modules/@angular/cdk": {
      "version": "12.1.2",
      "resolved": "https://registry.npmjs.org/@angular/cdk/-/cdk-12.1.2.tgz",
      "integrity": "sha512-ALupZejZDsVYcbNZcEH1cV8SDgVBL40FAwDnlSZxCgd0HOBHH0ZqQV+8z0uCQeMatoNM+SwmJ8Y1JXYh9Bqfiw==",
      "dependencies": {
        "tslib": "^2.2.0"
      },
      "optionalDependencies": {
        "parse5": "^5.0.0"
      },
      "peerDependencies": {
        "@angular/common": "^12.0.0 || ^13.0.0-0",
        "@angular/core": "^12.0.0 || ^13.0.0-0",
        "rxjs": "^6.5.3"
      }
    },
    "node_modules/@danielmoncada/angular-datetime-picker": {
      "version": "12.0.0",
      "resolved": "https://registry.npmjs.org/@danielmoncada/angular-datetime-picker/-/angular-datetime-picker-12.0.0.tgz",
      "integrity": "sha512-mT1HYNnWdEbTrJfMlYrDri4bQKi4j/XYvn2TFIsHPD1BKLtKTEBETkB1EgQHQ8nvRVhmRXvCeAD8moZW+l2bJw==",
      "dependencies": {
        "tslib": "^2.0.0"
      },
      "peerDependencies": {
        "@angular/cdk": "^8.0.0 || ^9.0.0 || ^10.0.0 || ^11.0.0 || ^12.0.0",
        "@angular/common": "^8.0.0 || ^9.0.0 || ^10.0.0 || ^11.0.0 || ^12.0.0",
        "@angular/core": "^8.0.0 || ^9.0.0 || ^10.0.0 || ^11.0.0 || ^12.0.0"
      }
    },
    "node_modules/@ng-bootstrap/ng-bootstrap": {
      "version": "10.0.0",
      "resolved": "https://registry.npmjs.org/@ng-bootstrap/ng-bootstrap/-/ng-bootstrap-10.0.0.tgz",
      "integrity": "sha512-Sz+QaxjuyJYJ+zyUbf0TevgcgVesCPQiiFiggEzxKjzY5R+Hvq3YgryLdXf2r/ryePL+C3FXCcmmKpTM5bfczQ==",
      "dependencies": {
        "tslib": "^2.1.0"
      },
      "peerDependencies": {
        "@angular/common": "^12.0.0",
        "@angular/core": "^12.0.0",
        "@angular/forms": "^12.0.0",
        "@angular/localize": "^12.0.0",
        "rxjs": "^6.5.5"
      }
    },
    "node_modules/@tinymce/tinymce-angular": {
      "version": "4.2.4",
      "resolved": "https://registry.npmjs.org/@tinymce/tinymce-angular/-/tinymce-angular-4.2.4.tgz",
      "integrity": "sha512-A+FIvhTahHaqDuvcXovuhzvpCR2yjUbPuF+Z/t/MnNaCv/9Y0w7W5Qgmo5wARIW+NM7o8msWcMSxOMK4xkv10Q==",
      "dependencies": {
        "tslib": "^1.10.0"
      },
      "peerDependencies": {
        "@angular/common": ">=9.0.0",
        "@angular/core": ">=9.0.0",
        "@angular/forms": ">=9.0.0"
      }
    },
    "node_modules/@tinymce/tinymce-angular/node_modules/tslib": {
      "version": "1.14.1",
      "resolved": "https://registry.npmjs.org/tslib/-/tslib-1.14.1.tgz",
      "integrity": "sha512-Xni35NKzjgMrwevysHTCArtLDpPvye8zV/0E4EyYn43P7/7qvQwPh9BGkHewbMulVntbigmcT7rdX3BNo9wRJg=="
    },
    "node_modules/bootstrap": {
      "version": "5.0.2",
      "resolved": "https://registry.npmjs.org/bootstrap/-/bootstrap-5.0.2.tgz",
      "integrity": "sha512-1Ge963tyEQWJJ+8qtXFU6wgmAVj9gweEjibUdbmcCEYsn38tVwRk8107rk2vzt6cfQcRr3SlZ8aQBqaD8aqf+Q==",
      "funding": {
        "type": "opencollective",
        "url": "https://opencollective.com/bootstrap"
      },
      "peerDependencies": {
        "@popperjs/core": "^2.9.2"
      }
    },
    "node_modules/parse5": {
      "version": "5.1.1",
      "resolved": "https://registry.npmjs.org/parse5/-/parse5-5.1.1.tgz",
      "integrity": "sha512-ugq4DFI0Ptb+WWjAdOK16+u/nHfiIrcE+sh8kZMaM0WllQKLI9rOUq6c2b7cwPkXdzfQESqvoqK6ug7U/Yyzug==",
      "optional": true
    },
    "node_modules/tinymce": {
      "version": "5.8.2",
      "resolved": "https://registry.npmjs.org/tinymce/-/tinymce-5.8.2.tgz",
      "integrity": "sha512-qfWThBrSzbj4DoUk+lgGeDoP2GzLDSWrfvVUxf40HZhTzsG15X2nZ4N49IFqwaVgRl5AyFDtuWiEH/lCmiAcRA=="
    },
    "node_modules/tinymce-i18n": {
      "version": "20.12.25",
      "resolved": "https://registry.npmjs.org/tinymce-i18n/-/tinymce-i18n-20.12.25.tgz",
      "integrity": "sha512-MOVCgGbkZ2ZVvb9B38Mbdhwam1oZOBXDkxmzcHX3W7c3RCB8r4VG9DS8+4BcsoCCgfUg1JXwh2Hk+7aXcYXkkg=="
    },
    "node_modules/tslib": {
      "version": "2.3.0",
      "resolved": "https://registry.npmjs.org/tslib/-/tslib-2.3.0.tgz",
      "integrity": "sha512-N82ooyxVNm6h1riLCoyS9e3fuJ3AMG2zIZs2Gd1ATcSFjSA23Q0fzjjZeh0jbJvWVDZ0cJT8yaNNaaXHzueNjg=="
    }
  },
  "dependencies": {
    "@angular/cdk": {
      "version": "12.1.2",
      "resolved": "https://registry.npmjs.org/@angular/cdk/-/cdk-12.1.2.tgz",
      "integrity": "sha512-ALupZejZDsVYcbNZcEH1cV8SDgVBL40FAwDnlSZxCgd0HOBHH0ZqQV+8z0uCQeMatoNM+SwmJ8Y1JXYh9Bqfiw==",
      "requires": {
        "parse5": "^5.0.0",
        "tslib": "^2.2.0"
      }
    },
    "@danielmoncada/angular-datetime-picker": {
      "version": "12.0.0",
      "resolved": "https://registry.npmjs.org/@danielmoncada/angular-datetime-picker/-/angular-datetime-picker-12.0.0.tgz",
      "integrity": "sha512-mT1HYNnWdEbTrJfMlYrDri4bQKi4j/XYvn2TFIsHPD1BKLtKTEBETkB1EgQHQ8nvRVhmRXvCeAD8moZW+l2bJw==",
      "requires": {
        "tslib": "^2.0.0"
      }
    },
    "@ng-bootstrap/ng-bootstrap": {
      "version": "10.0.0",
      "resolved": "https://registry.npmjs.org/@ng-bootstrap/ng-bootstrap/-/ng-bootstrap-10.0.0.tgz",
      "integrity": "sha512-Sz+QaxjuyJYJ+zyUbf0TevgcgVesCPQiiFiggEzxKjzY5R+Hvq3YgryLdXf2r/ryePL+C3FXCcmmKpTM5bfczQ==",
      "requires": {
        "tslib": "^2.1.0"
      }
    },
    "@tinymce/tinymce-angular": {
      "version": "4.2.4",
      "resolved": "https://registry.npmjs.org/@tinymce/tinymce-angular/-/tinymce-angular-4.2.4.tgz",
      "integrity": "sha512-A+FIvhTahHaqDuvcXovuhzvpCR2yjUbPuF+Z/t/MnNaCv/9Y0w7W5Qgmo5wARIW+NM7o8msWcMSxOMK4xkv10Q==",
      "requires": {
        "tslib": "^1.10.0"
      },
      "dependencies": {
        "tslib": {
          "version": "1.14.1",
          "resolved": "https://registry.npmjs.org/tslib/-/tslib-1.14.1.tgz",
          "integrity": "sha512-Xni35NKzjgMrwevysHTCArtLDpPvye8zV/0E4EyYn43P7/7qvQwPh9BGkHewbMulVntbigmcT7rdX3BNo9wRJg=="
        }
      }
    },
    "bootstrap": {
      "version": "5.0.2",
      "resolved": "https://registry.npmjs.org/bootstrap/-/bootstrap-5.0.2.tgz",
      "integrity": "sha512-1Ge963tyEQWJJ+8qtXFU6wgmAVj9gweEjibUdbmcCEYsn38tVwRk8107rk2vzt6cfQcRr3SlZ8aQBqaD8aqf+Q=="
    },
    "parse5": {
      "version": "5.1.1",
      "resolved": "https://registry.npmjs.org/parse5/-/parse5-5.1.1.tgz",
      "integrity": "sha512-ugq4DFI0Ptb+WWjAdOK16+u/nHfiIrcE+sh8kZMaM0WllQKLI9rOUq6c2b7cwPkXdzfQESqvoqK6ug7U/Yyzug==",
      "optional": true
    },
    "tinymce": {
      "version": "5.8.2",
      "resolved": "https://registry.npmjs.org/tinymce/-/tinymce-5.8.2.tgz",
      "integrity": "sha512-qfWThBrSzbj4DoUk+lgGeDoP2GzLDSWrfvVUxf40HZhTzsG15X2nZ4N49IFqwaVgRl5AyFDtuWiEH/lCmiAcRA=="
    },
    "tinymce-i18n": {
      "version": "20.12.25",
      "resolved": "https://registry.npmjs.org/tinymce-i18n/-/tinymce-i18n-20.12.25.tgz",
      "integrity": "sha512-MOVCgGbkZ2ZVvb9B38Mbdhwam1oZOBXDkxmzcHX3W7c3RCB8r4VG9DS8+4BcsoCCgfUg1JXwh2Hk+7aXcYXkkg=="
    },
    "tslib": {
      "version": "2.3.0",
      "resolved": "https://registry.npmjs.org/tslib/-/tslib-2.3.0.tgz",
      "integrity": "sha512-N82ooyxVNm6h1riLCoyS9e3fuJ3AMG2zIZs2Gd1ATcSFjSA23Q0fzjjZeh0jbJvWVDZ0cJT8yaNNaaXHzueNjg=="
    }
  }
}
