{
  "name": "@servoy/servoydefault",
  "version": "2025.3.0",
  "lockfileVersion": 3,
  "requires": true,
  "packages": {
    "": {
      "name": "@servoy/servoydefault",
      "version": "2025.3.0",
      "license": "MIT",
      "dependencies": {
        "@angular/cdk": "^19",
        "@eonasdan/tempus-dominus": "<6.11",
        "@ng-bootstrap/ng-bootstrap": "^18",
        "@popperjs/core": "<3",
        "@tinymce/tinymce-angular": "<8",
        "bootstrap": "<6",
        "tinymce": "^6",
        "tinymce-i18n": ">=24",
        "tslib": "*"
      },
      "peerDependencies": {
        "@angular/common": "^19",
        "@angular/core": "^19",
        "@servoy/public": "*"
      }
    },
    "node_modules/@angular/cdk": {
      "version": "19.2.1",
      "resolved": "https://registry.npmjs.org/@angular/cdk/-/cdk-19.2.1.tgz",
      "integrity": "sha512-j7dg18PJIbyeU4DTko3vIK3M2OuUv3H0ZViNddOaLlGN5X93cq4QCGcNhcGm3x3r5rUr/AaexYu+KHMyN8PwmA==",
      "license": "MIT",
      "dependencies": {
        "tslib": "^2.3.0"
      },
      "optionalDependencies": {
        "parse5": "^7.1.2"
      },
      "peerDependencies": {
        "@angular/common": "^19.0.0 || ^20.0.0",
        "@angular/core": "^19.0.0 || ^20.0.0",
        "rxjs": "^6.5.3 || ^7.4.0"
      }
    },
    "node_modules/@eonasdan/tempus-dominus": {
      "version": "6.10.0",
      "resolved": "https://registry.npmjs.org/@eonasdan/tempus-dominus/-/tempus-dominus-6.10.0.tgz",
      "integrity": "sha512-v6EHBrrw+sPiInEXThhuk6kJkSMEjTq2B6VZNMgEnAeQluW4t1SUA3vSHcQ+0vqrulFo0tWgv8IW33XHzrCclg==",
      "license": "MIT",
      "funding": {
        "url": "https://ko-fi.com/eonasdan"
      },
      "peerDependencies": {
        "@popperjs/core": "^2.11.6"
      },
      "peerDependenciesMeta": {
        "@popperjs/core\"": {
          "optional": true
        }
      }
    },
    "node_modules/@ng-bootstrap/ng-bootstrap": {
      "version": "18.0.0",
      "resolved": "https://registry.npmjs.org/@ng-bootstrap/ng-bootstrap/-/ng-bootstrap-18.0.0.tgz",
      "integrity": "sha512-GeSAz4yiGq49psdte8kcf+Y562wB3jK/qKRAkh6iA32lcXmy2sfQXVAmlHdjZ3AyP+E8lf3yMwuPdSKiYcDgSg==",
      "license": "MIT",
      "dependencies": {
        "tslib": "^2.3.0"
      },
      "peerDependencies": {
        "@angular/common": "^19.0.0",
        "@angular/core": "^19.0.0",
        "@angular/forms": "^19.0.0",
        "@angular/localize": "^19.0.0",
        "@popperjs/core": "^2.11.8",
        "rxjs": "^6.5.3 || ^7.4.0"
      }
    },
    "node_modules/@popperjs/core": {
      "version": "2.11.8",
      "resolved": "https://registry.npmjs.org/@popperjs/core/-/core-2.11.8.tgz",
      "integrity": "sha512-P1st0aksCrn9sGZhp8GMYwBnQsbvAWsZAX44oXNNvLHGqAOcoVxmjZiohstwQ7SqKnbR47akdNi+uleWD8+g6A==",
      "license": "MIT",
      "funding": {
        "type": "opencollective",
        "url": "https://opencollective.com/popperjs"
      }
    },
    "node_modules/@tinymce/tinymce-angular": {
      "version": "7.0.0",
      "resolved": "https://registry.npmjs.org/@tinymce/tinymce-angular/-/tinymce-angular-7.0.0.tgz",
      "integrity": "sha512-IKNaG/ihlxE1XCfq6lzULbnsqZO9KNJtlpu5jo6JDJDL9zcFzj/N2A16Kk7rTj1yfmDoB1IXAk/BpMOvgDY8cg==",
      "license": "MIT",
      "dependencies": {
        "tinymce": "^6.0.0 || ^5.5.0",
        "tslib": "^2.3.0"
      },
      "peerDependencies": {
        "@angular/common": ">=14.0.0",
        "@angular/core": ">=14.0.0",
        "@angular/forms": ">=14.0.0"
      }
    },
    "node_modules/bootstrap": {
      "version": "5.3.3",
      "resolved": "https://registry.npmjs.org/bootstrap/-/bootstrap-5.3.3.tgz",
      "integrity": "sha512-8HLCdWgyoMguSO9o+aH+iuZ+aht+mzW0u3HIMzVu7Srrpv7EBBxTnrFlSCskwdY1+EOFQSm7uMJhNQHkdPcmjg==",
      "funding": [
        {
          "type": "github",
          "url": "https://github.com/sponsors/twbs"
        },
        {
          "type": "opencollective",
          "url": "https://opencollective.com/bootstrap"
        }
      ],
      "license": "MIT",
      "peerDependencies": {
        "@popperjs/core": "^2.11.8"
      }
    },
    "node_modules/entities": {
      "version": "4.5.0",
      "resolved": "https://registry.npmjs.org/entities/-/entities-4.5.0.tgz",
      "integrity": "sha512-V0hjH4dGPh9Ao5p0MoRY6BVqtwCjhz6vI5LT8AJ55H+4g9/4vbHx1I54fS0XuclLhDHArPQCiMjDxjaL8fPxhw==",
      "license": "BSD-2-Clause",
      "optional": true,
      "engines": {
        "node": ">=0.12"
      },
      "funding": {
        "url": "https://github.com/fb55/entities?sponsor=1"
      }
    },
    "node_modules/parse5": {
      "version": "7.2.1",
      "resolved": "https://registry.npmjs.org/parse5/-/parse5-7.2.1.tgz",
      "integrity": "sha512-BuBYQYlv1ckiPdQi/ohiivi9Sagc9JG+Ozs0r7b/0iK3sKmrb0b9FdWdBbOdx6hBCM/F9Ir82ofnBhtZOjCRPQ==",
      "license": "MIT",
      "optional": true,
      "dependencies": {
        "entities": "^4.5.0"
      },
      "funding": {
        "url": "https://github.com/inikulin/parse5?sponsor=1"
      }
    },
    "node_modules/tinymce": {
      "version": "6.8.5",
      "resolved": "https://registry.npmjs.org/tinymce/-/tinymce-6.8.5.tgz",
      "integrity": "sha512-qAL/FxL7cwZHj4BfaF818zeJJizK9jU5IQzTcSLL4Rj5MaJdiVblEj7aDr80VCV1w9h4Lak9hlnALhq/kVtN1g==",
      "license": "MIT"
    },
    "node_modules/tinymce-i18n": {
      "version": "25.2.3",
      "resolved": "https://registry.npmjs.org/tinymce-i18n/-/tinymce-i18n-25.2.3.tgz",
      "integrity": "sha512-V6+WGEtntWqV2jjlqhnlS5R6yCcW75iH1cLxtodci35ugKZxrWIdno9r1543760Lv7LNmBdgcqYL113Haz8QyQ==",
      "license": "MIT"
    },
    "node_modules/tslib": {
      "version": "2.8.1",
      "resolved": "https://registry.npmjs.org/tslib/-/tslib-2.8.1.tgz",
      "integrity": "sha512-oJFu94HQb+KVduSUQL7wnpmqnfmLsOA/nAh6b6EH0wCEoK0/mPeXU6c3wKDV83MkOuHPRHtSXKKU99IBazS/2w==",
      "license": "0BSD"
    }
  }
}
