{
  "name": "@servoy/servoydefault",
  "version": "2022.3.0",
  "lockfileVersion": 2,
  "requires": true,
  "packages": {
    "": {
      "name": "@servoy/servoydefault",
      "version": "2022.3.0",
      "license": "MIT",
      "dependencies": {
        "@angular/cdk": "<15",
        "@ng-bootstrap/ng-bootstrap": "<13",
        "@popperjs/core": "<3",
        "@servoy/tempus-dominus": "6.0.0-beta5.1",
        "@tinymce/tinymce-angular": "<7",
        "bootstrap": "<6",
        "tinymce": "^6",
        "tinymce-i18n": ">=22",
        "tslib": "*"
      },
      "peerDependencies": {
        "@angular/common": "^14",
        "@angular/core": "^14",
        "@servoy/public": "*"
      }
    },
    "node_modules/@angular/cdk": {
      "version": "13.2.6",
      "resolved": "https://registry.npmjs.org/@angular/cdk/-/cdk-13.2.6.tgz",
      "integrity": "sha512-epuXmaHqfukwPsYvIksbuHLXDtb6GALV2Vgv6W2asj4TorD584CeQTs0EcdPGmCzhGUYI8U8QV63WOxu9YFcNA==",
      "dependencies": {
        "tslib": "^2.3.0"
      },
      "optionalDependencies": {
        "parse5": "^5.0.0"
      },
      "peerDependencies": {
        "@angular/common": "^13.0.0 || ^14.0.0-0",
        "@angular/core": "^13.0.0 || ^14.0.0-0",
        "rxjs": "^6.5.3 || ^7.4.0"
      }
    },
    "node_modules/@ng-bootstrap/ng-bootstrap": {
      "version": "12.0.0",
      "resolved": "https://registry.npmjs.org/@ng-bootstrap/ng-bootstrap/-/ng-bootstrap-12.0.0.tgz",
      "integrity": "sha512-XWf/CsP1gH0aev7Mtsldtj0DPPFdTrJpSiyjzLFS29gU1ZuDlJz6OKthgUDxZoua6uNPAzaGMc0A20T+reMfRw==",
      "dependencies": {
        "tslib": "^2.3.0"
      },
      "peerDependencies": {
        "@angular/common": "^13.0.0",
        "@angular/core": "^13.0.0",
        "@angular/forms": "^13.0.0",
        "@angular/localize": "^13.0.0",
        "@popperjs/core": "^2.10.2",
        "rxjs": "^6.5.3 || ^7.4.0"
      }
    },
    "node_modules/@popperjs/core": {
      "version": "2.11.4",
      "resolved": "https://registry.npmjs.org/@popperjs/core/-/core-2.11.4.tgz",
      "integrity": "sha512-q/ytXxO5NKvyT37pmisQAItCFqA7FD/vNb8dgaJy3/630Fsc+Mz9/9f2SziBoIZ30TJooXyTwZmhi1zjXmObYg==",
      "funding": {
        "type": "opencollective",
        "url": "https://opencollective.com/popperjs"
      }
    },
    "node_modules/@servoy/tempus-dominus": {
      "version": "6.0.0-beta5.1",
      "resolved": "https://registry.npmjs.org/@servoy/tempus-dominus/-/tempus-dominus-6.0.0-beta5.1.tgz",
      "integrity": "sha512-CmBbReR91qAs4hO6JLBRQ0LEe6N6VkSeH8d4DJXZB/BpNI0Wpyq2g3uEZkqQg4ixbMiPylWL8oSEnLl98pOnWA==",
      "funding": {
        "url": "https://ko-fi.com/eonasdan"
      },
      "peerDependencies": {
        "@popperjs/core": "^2.10.1"
      }
    },
    "node_modules/@tinymce/tinymce-angular": {
      "version": "6.0.1",
      "resolved": "https://registry.npmjs.org/@tinymce/tinymce-angular/-/tinymce-angular-6.0.1.tgz",
      "integrity": "sha512-USuwQwcBmvl1fN9n1FsUqM8ZOQjJLe2VleQRENU9R46ZgrB6Ic5thyUV2RPHUrNgN99QJ+4HyE465qzgv+M7Mw==",
      "dependencies": {
        "tinymce": "^6.0.0 || ^5.5.0",
        "tslib": "^2.3.0"
      },
      "peerDependencies": {
        "@angular/common": ">=13.0.0",
        "@angular/core": ">=13.0.0",
        "@angular/forms": ">=13.0.0"
      }
    },
    "node_modules/bootstrap": {
      "version": "5.1.3",
      "resolved": "https://registry.npmjs.org/bootstrap/-/bootstrap-5.1.3.tgz",
      "integrity": "sha512-fcQztozJ8jToQWXxVuEyXWW+dSo8AiXWKwiSSrKWsRB/Qt+Ewwza+JWoLKiTuQLaEPhdNAJ7+Dosc9DOIqNy7Q==",
      "funding": {
        "type": "opencollective",
        "url": "https://opencollective.com/bootstrap"
      },
      "peerDependencies": {
        "@popperjs/core": "^2.10.2"
      }
    },
    "node_modules/parse5": {
      "version": "5.1.1",
      "resolved": "https://registry.npmjs.org/parse5/-/parse5-5.1.1.tgz",
      "integrity": "sha512-ugq4DFI0Ptb+WWjAdOK16+u/nHfiIrcE+sh8kZMaM0WllQKLI9rOUq6c2b7cwPkXdzfQESqvoqK6ug7U/Yyzug==",
      "optional": true
    },
    "node_modules/tinymce": {
      "version": "6.0.1",
      "resolved": "https://registry.npmjs.org/tinymce/-/tinymce-6.0.1.tgz",
      "integrity": "sha512-+y3Lhm65GFs87gUfKuSWm2JA6ULHCC29trof4umIk2+TT+ql2poSsqsmRCSPN4elEo4EssIgEPFVRyPvrS/pDg=="
    },
    "node_modules/tinymce-i18n": {
      "version": "22.2.11",
      "resolved": "https://registry.npmjs.org/tinymce-i18n/-/tinymce-i18n-22.2.11.tgz",
      "integrity": "sha512-L+RkNm/sQPl4d6HIPjmwMozCkkwrS6iwrVT7bUUpl2yuyWaGbWlFmpMl+RHj7QXcyLCZyp4QeajBI6zQ6vm98Q=="
    },
    "node_modules/tslib": {
      "version": "2.3.1",
      "resolved": "https://registry.npmjs.org/tslib/-/tslib-2.3.1.tgz",
      "integrity": "sha512-77EbyPPpMz+FRFRuAFlWMtmgUWGe9UOG2Z25NqCwiIjRhOf5iKGuzSe5P2w1laq+FkRy4p+PCuVkJSGkzTEKVw=="
    }
  },
  "dependencies": {
    "@angular/cdk": {
      "version": "13.2.6",
      "resolved": "https://registry.npmjs.org/@angular/cdk/-/cdk-13.2.6.tgz",
      "integrity": "sha512-epuXmaHqfukwPsYvIksbuHLXDtb6GALV2Vgv6W2asj4TorD584CeQTs0EcdPGmCzhGUYI8U8QV63WOxu9YFcNA==",
      "requires": {
        "parse5": "^5.0.0",
        "tslib": "^2.3.0"
      }
    },
    "@ng-bootstrap/ng-bootstrap": {
      "version": "12.0.0",
      "resolved": "https://registry.npmjs.org/@ng-bootstrap/ng-bootstrap/-/ng-bootstrap-12.0.0.tgz",
      "integrity": "sha512-XWf/CsP1gH0aev7Mtsldtj0DPPFdTrJpSiyjzLFS29gU1ZuDlJz6OKthgUDxZoua6uNPAzaGMc0A20T+reMfRw==",
      "requires": {
        "tslib": "^2.3.0"
      }
    },
    "@popperjs/core": {
      "version": "2.11.4",
      "resolved": "https://registry.npmjs.org/@popperjs/core/-/core-2.11.4.tgz",
      "integrity": "sha512-q/ytXxO5NKvyT37pmisQAItCFqA7FD/vNb8dgaJy3/630Fsc+Mz9/9f2SziBoIZ30TJooXyTwZmhi1zjXmObYg=="
    },
    "@servoy/tempus-dominus": {
      "version": "6.0.0-beta5.1",
      "resolved": "https://registry.npmjs.org/@servoy/tempus-dominus/-/tempus-dominus-6.0.0-beta5.1.tgz",
      "integrity": "sha512-CmBbReR91qAs4hO6JLBRQ0LEe6N6VkSeH8d4DJXZB/BpNI0Wpyq2g3uEZkqQg4ixbMiPylWL8oSEnLl98pOnWA=="
    },
    "@tinymce/tinymce-angular": {
      "version": "6.0.1",
      "resolved": "https://registry.npmjs.org/@tinymce/tinymce-angular/-/tinymce-angular-6.0.1.tgz",
      "integrity": "sha512-USuwQwcBmvl1fN9n1FsUqM8ZOQjJLe2VleQRENU9R46ZgrB6Ic5thyUV2RPHUrNgN99QJ+4HyE465qzgv+M7Mw==",
      "requires": {
        "tinymce": "^6.0.0 || ^5.5.0",
        "tslib": "^2.3.0"
      }
    },
    "bootstrap": {
      "version": "5.1.3",
      "resolved": "https://registry.npmjs.org/bootstrap/-/bootstrap-5.1.3.tgz",
      "integrity": "sha512-fcQztozJ8jToQWXxVuEyXWW+dSo8AiXWKwiSSrKWsRB/Qt+Ewwza+JWoLKiTuQLaEPhdNAJ7+Dosc9DOIqNy7Q=="
    },
    "parse5": {
      "version": "5.1.1",
      "resolved": "https://registry.npmjs.org/parse5/-/parse5-5.1.1.tgz",
      "integrity": "sha512-ugq4DFI0Ptb+WWjAdOK16+u/nHfiIrcE+sh8kZMaM0WllQKLI9rOUq6c2b7cwPkXdzfQESqvoqK6ug7U/Yyzug==",
      "optional": true
    },
    "tinymce": {
      "version": "6.0.1",
      "resolved": "https://registry.npmjs.org/tinymce/-/tinymce-6.0.1.tgz",
      "integrity": "sha512-+y3Lhm65GFs87gUfKuSWm2JA6ULHCC29trof4umIk2+TT+ql2poSsqsmRCSPN4elEo4EssIgEPFVRyPvrS/pDg=="
    },
    "tinymce-i18n": {
      "version": "22.2.11",
      "resolved": "https://registry.npmjs.org/tinymce-i18n/-/tinymce-i18n-22.2.11.tgz",
      "integrity": "sha512-L+RkNm/sQPl4d6HIPjmwMozCkkwrS6iwrVT7bUUpl2yuyWaGbWlFmpMl+RHj7QXcyLCZyp4QeajBI6zQ6vm98Q=="
    },
    "tslib": {
      "version": "2.3.1",
      "resolved": "https://registry.npmjs.org/tslib/-/tslib-2.3.1.tgz",
      "integrity": "sha512-77EbyPPpMz+FRFRuAFlWMtmgUWGe9UOG2Z25NqCwiIjRhOf5iKGuzSe5P2w1laq+FkRy4p+PCuVkJSGkzTEKVw=="
    }
  }
}
